
Microsoft Visual Studio Solution File, Format Version 12.00
# Visual Studio 15
VisualStudioVersion = 15.0.27130.2026
MinimumVisualStudioVersion = 10.0.40219.1
Project("{FAE04EC0-301F-11D3-BF4B-00C04F79EFBC}") = "CarsStore", "CarsStore\CarsStore.csproj", "{BE7544BF-5E89-4242-8377-E5176AD1957A}"
EndProject
Project("{FAE04EC0-301F-11D3-BF4B-00C04F79EFBC}") = "CarStoreDbEF", "CarStoreDbEF\CarStoreDbEF.csproj", "{CCC9DF5F-CEC9-4614-B169-10731F4E45B2}"
EndProject
Global
	GlobalSection(SolutionConfigurationPlatforms) = preSolution
		Debug|Any CPU = Debug|Any CPU
		Release|Any CPU = Release|Any CPU
	EndGlobalSection
	GlobalSection(ProjectConfigurationPlatforms) = postSolution
		{BE7544BF-5E89-4242-8377-E5176AD1957A}.Debug|Any CPU.ActiveCfg = Debug|Any CPU
		{BE7544BF-5E89-4242-8377-E5176AD1957A}.Debug|Any CPU.Build.0 = Debug|Any CPU
		{BE7544BF-5E89-4242-8377-E5176AD1957A}.Release|Any CPU.ActiveCfg = Release|Any CPU
		{BE7544BF-5E89-4242-8377-E5176AD1957A}.Release|Any CPU.Build.0 = Release|Any CPU
		{CCC9DF5F-CEC9-4614-B169-10731F4E45B2}.Debug|Any CPU.ActiveCfg = Debug|Any CPU
		{CCC9DF5F-CEC9-4614-B169-10731F4E45B2}.Debug|Any CPU.Build.0 = Debug|Any CPU
		{CCC9DF5F-CEC9-4614-B169-10731F4E45B2}.Release|Any CPU.ActiveCfg = Release|Any CPU
		{CCC9DF5F-CEC9-4614-B169-10731F4E45B2}.Release|Any CPU.Build.0 = Release|Any CPU
	EndGlobalSection
	GlobalSection(SolutionProperties) = preSolution
		HideSolutionNode = FALSE
	EndGlobalSection
	GlobalSection(ExtensibilityGlobals) = postSolution
		SolutionGuid = {63C4F9F6-AE98-4A28-A06F-871763A5370C}
	EndGlobalSection
EndGlobal
